# THIS IS AN AUTOGENERATED FILE. DO NOT EDIT THIS FILE DIRECTLY.
# yarn lockfile v1


"@hotosm/iso-countries-languages@^1.0.2":
  version "1.0.2"
  resolved "https://registry.yarnpkg.com/@hotosm/iso-countries-languages/-/iso-countries-languages-1.0.2.tgz#dfbf4c9c841906129a323074547d25bf847142e6"
  integrity sha512-IvnERUvj256YBAKBB52Ox/USASqZWK+Jh7m2woZCg1IND26foixPom3wjOVyB5nw+Q4Kbp0h+9f7JC26Snyh0w==
  dependencies:
    prettier "^2.0.5"

bootstrap@^4.5.2:
  version "4.5.2"
  resolved "https://registry.yarnpkg.com/bootstrap/-/bootstrap-4.5.2.tgz#a85c4eda59155f0d71186b6e6ad9b875813779ab"
  integrity sha512-vlGn0bcySYl/iV+BGA544JkkZP5LB3jsmkeKLFQakCOwCM3AOk7VkldBz4jrzSe+Z0Ezn99NVXa1o45cQY4R6A==

prettier@^2.0.5:
  version "2.1.2"
  resolved "https://registry.yarnpkg.com/prettier/-/prettier-2.1.2.tgz#3050700dae2e4c8b67c4c3f666cdb8af405e1ce5"
  integrity sha512-16c7K+x4qVlJg9rEbXl7HEGmQyZlG4R9AgP+oHKRMsMsuk8s+ATStlf1NpDqyBI1HpVyfjLOeMhH2LvuNvV5Vg==
